
Microsoft Visual Studio Solution File, Format Version 12.00
# Visual Studio Version 17
VisualStudioVersion = 17.3.32901.215
MinimumVisualStudioVersion = 10.0.40219.1
Project("{FAE04EC0-301F-11D3-BF4B-00C04F79EFBC}") = "arraylist uygulama 2-", "arraylist uygulama 2-\arraylist uygulama 2-.csproj", "{D80AD001-3A3E-4C3D-BCF9-B23F1F8D34B8}"
EndProject
Global
	GlobalSection(SolutionConfigurationPlatforms) = preSolution
		Debug|Any CPU = Debug|Any CPU
		Release|Any CPU = Release|Any CPU
	EndGlobalSection
	GlobalSection(ProjectConfigurationPlatforms) = postSolution
		{D80AD001-3A3E-4C3D-BCF9-B23F1F8D34B8}.Debug|Any CPU.ActiveCfg = Debug|Any CPU
		{D80AD001-3A3E-4C3D-BCF9-B23F1F8D34B8}.Debug|Any CPU.Build.0 = Debug|Any CPU
		{D80AD001-3A3E-4C3D-BCF9-B23F1F8D34B8}.Release|Any CPU.ActiveCfg = Release|Any CPU
		{D80AD001-3A3E-4C3D-BCF9-B23F1F8D34B8}.Release|Any CPU.Build.0 = Release|Any CPU
	EndGlobalSection
	GlobalSection(SolutionProperties) = preSolution
		HideSolutionNode = FALSE
	EndGlobalSection
	GlobalSection(ExtensibilityGlobals) = postSolution
		SolutionGuid = {E6E612DC-F307-4A80-9CC5-B111028CB38D}
	EndGlobalSection
EndGlobal
